// !$*UTF8*$!
{
	archiveVersion = 1;
	classes = {
	};
	objectVersion = 46;
	objects = {

/* Begin PBXBuildFile section */
		4628CF3B1CF34BF200B4F4A8 /* Assets.xcassets in Resources */ = {isa = PBXBuildFile; fileRef = 4628CF331CF34BF200B4F4A8 /* Assets.xcassets */; };
		4628CF3C1CF34BF200B4F4A8 /* LaunchScreen.storyboard in Resources */ = {isa = PBXBuildFile; fileRef = 4628CF341CF34BF200B4F4A8 /* LaunchScreen.storyboard */; };
		4628CF3D1CF34BF200B4F4A8 /* AppDelegate.swift in Sources */ = {isa = PBXBuildFile; fileRef = 4628CF361CF34BF200B4F4A8 /* AppDelegate.swift */; };
		4628CF3E1CF34BF200B4F4A8 /* Main.storyboard in Resources */ = {isa = PBXBuildFile; fileRef = 4628CF391CF34BF200B4F4A8 /* Main.storyboard */; };
		4628CF3F1CF34BF200B4F4A8 /* ViewController.swift in Sources */ = {isa = PBXBuildFile; fileRef = 4628CF3A1CF34BF200B4F4A8 /* ViewController.swift */; };
		46CC87341D057DE70001CF71 /* GradientView.swift in Sources */ = {isa = PBXBuildFile; fileRef = 46CC87331D057DE70001CF71 /* GradientView.swift */; };
		46CC87371D0585650001CF71 /* ColorUtils.swift in Sources */ = {isa = PBXBuildFile; fileRef = 46CC87361D0585650001CF71 /* ColorUtils.swift */; };
		46CC873A1D058A050001CF71 /* BarStyle.swift in Sources */ = {isa = PBXBuildFile; fileRef = 46CC87391D058A050001CF71 /* BarStyle.swift */; };
		46CC873C1D058B8B0001CF71 /* BarStyleCell.swift in Sources */ = {isa = PBXBuildFile; fileRef = 46CC873B1D058B8B0001CF71 /* BarStyleCell.swift */; };
		D612E41E1D0B009800B13348 /* CocoaBar.swift in Sources */ = {isa = PBXBuildFile; fileRef = D612E4151D0B009800B13348 /* CocoaBar.swift */; };
		D612E41F1D0B009800B13348 /* CocoaBarLayout.swift in Sources */ = {isa = PBXBuildFile; fileRef = D612E4161D0B009800B13348 /* CocoaBarLayout.swift */; };
		D612E4201D0B009800B13348 /* CocoaBarActionLayout.swift in Sources */ = {isa = PBXBuildFile; fileRef = D612E4181D0B009800B13348 /* CocoaBarActionLayout.swift */; };
		D612E4211D0B009800B13348 /* CocoaBarActionLayout.xib in Resources */ = {isa = PBXBuildFile; fileRef = D612E4191D0B009800B13348 /* CocoaBarActionLayout.xib */; };
		D612E4221D0B009800B13348 /* CocoaBarDefaultLayout.swift in Sources */ = {isa = PBXBuildFile; fileRef = D612E41A1D0B009800B13348 /* CocoaBarDefaultLayout.swift */; };
		D612E4231D0B009800B13348 /* CocoaBarDefaultLayout.xib in Resources */ = {isa = PBXBuildFile; fileRef = D612E41B1D0B009800B13348 /* CocoaBarDefaultLayout.xib */; };
		D612E4241D0B009800B13348 /* AutoLayoutUtils.swift in Sources */ = {isa = PBXBuildFile; fileRef = D612E41D1D0B009800B13348 /* AutoLayoutUtils.swift */; };
		D612E4261D0B103A00B13348 /* DropShadowView.swift in Sources */ = {isa = PBXBuildFile; fileRef = D612E4251D0B103A00B13348 /* DropShadowView.swift */; };
		D6EF29F11D06C6D900E9F3FE /* CustomCocoaBarLayout.swift in Sources */ = {isa = PBXBuildFile; fileRef = D6EF29F01D06C6D900E9F3FE /* CustomCocoaBarLayout.swift */; };
		D6EF29F31D06C6E200E9F3FE /* CustomCocoaBarLayout.xib in Resources */ = {isa = PBXBuildFile; fileRef = D6EF29F21D06C6E200E9F3FE /* CustomCocoaBarLayout.xib */; };
		D6EF29F51D06C91E00E9F3FE /* CircularImageView.swift in Sources */ = {isa = PBXBuildFile; fileRef = D6EF29F41D06C91E00E9F3FE /* CircularImageView.swift */; };
/* End PBXBuildFile section */

/* Begin PBXFileReference section */
		4628CF1C1CF34B8F00B4F4A8 /* Example.app */ = {isa = PBXFileReference; explicitFileType = wrapper.application; includeInIndex = 0; path = Example.app; sourceTree = BUILT_PRODUCTS_DIR; };
		4628CF2B1CF34B8F00B4F4A8 /* Info.plist */ = {isa = PBXFileReference; lastKnownFileType = text.plist.xml; name = Info.plist; path = ../Info.plist; sourceTree = "<group>"; };
		4628CF331CF34BF200B4F4A8 /* Assets.xcassets */ = {isa = PBXFileReference; lastKnownFileType = folder.assetcatalog; path = Assets.xcassets; sourceTree = "<group>"; };
		4628CF341CF34BF200B4F4A8 /* LaunchScreen.storyboard */ = {isa = PBXFileReference; fileEncoding = 4; lastKnownFileType = file.storyboard; path = LaunchScreen.storyboard; sourceTree = "<group>"; };
		4628CF361CF34BF200B4F4A8 /* AppDelegate.swift */ = {isa = PBXFileReference; fileEncoding = 4; lastKnownFileType = sourcecode.swift; path = AppDelegate.swift; sourceTree = "<group>"; };
		4628CF391CF34BF200B4F4A8 /* Main.storyboard */ = {isa = PBXFileReference; fileEncoding = 4; lastKnownFileType = file.storyboard; path = Main.storyboard; sourceTree = "<group>"; };
		4628CF3A1CF34BF200B4F4A8 /* ViewController.swift */ = {isa = PBXFileReference; fileEncoding = 4; lastKnownFileType = sourcecode.swift; path = ViewController.swift; sourceTree = "<group>"; };
		46CC87331D057DE70001CF71 /* GradientView.swift */ = {isa = PBXFileReference; fileEncoding = 4; lastKnownFileType = sourcecode.swift; path = GradientView.swift; sourceTree = "<group>"; };
		46CC87361D0585650001CF71 /* ColorUtils.swift */ = {isa = PBXFileReference; fileEncoding = 4; lastKnownFileType = sourcecode.swift; path = ColorUtils.swift; sourceTree = "<group>"; };
		46CC87391D058A050001CF71 /* BarStyle.swift */ = {isa = PBXFileReference; fileEncoding = 4; lastKnownFileType = sourcecode.swift; path = BarStyle.swift; sourceTree = "<group>"; };
		46CC873B1D058B8B0001CF71 /* BarStyleCell.swift */ = {isa = PBXFileReference; fileEncoding = 4; lastKnownFileType = sourcecode.swift; path = BarStyleCell.swift; sourceTree = "<group>"; };
		D612E4151D0B009800B13348 /* CocoaBar.swift */ = {isa = PBXFileReference; fileEncoding = 4; lastKnownFileType = sourcecode.swift; path = CocoaBar.swift; sourceTree = "<group>"; };
		D612E4161D0B009800B13348 /* CocoaBarLayout.swift */ = {isa = PBXFileReference; fileEncoding = 4; lastKnownFileType = sourcecode.swift; path = CocoaBarLayout.swift; sourceTree = "<group>"; };
		D612E4181D0B009800B13348 /* CocoaBarActionLayout.swift */ = {isa = PBXFileReference; fileEncoding = 4; lastKnownFileType = sourcecode.swift; path = CocoaBarActionLayout.swift; sourceTree = "<group>"; };
		D612E4191D0B009800B13348 /* CocoaBarActionLayout.xib */ = {isa = PBXFileReference; fileEncoding = 4; lastKnownFileType = file.xib; path = CocoaBarActionLayout.xib; sourceTree = "<group>"; };
		D612E41A1D0B009800B13348 /* CocoaBarDefaultLayout.swift */ = {isa = PBXFileReference; fileEncoding = 4; lastKnownFileType = sourcecode.swift; path = CocoaBarDefaultLayout.swift; sourceTree = "<group>"; };
		D612E41B1D0B009800B13348 /* CocoaBarDefaultLayout.xib */ = {isa = PBXFileReference; fileEncoding = 4; lastKnownFileType = file.xib; path = CocoaBarDefaultLayout.xib; sourceTree = "<group>"; };
		D612E41D1D0B009800B13348 /* AutoLayoutUtils.swift */ = {isa = PBXFileReference; fileEncoding = 4; lastKnownFileType = sourcecode.swift; path = AutoLayoutUtils.swift; sourceTree = "<group>"; };
		D612E4251D0B103A00B13348 /* DropShadowView.swift */ = {isa = PBXFileReference; fileEncoding = 4; lastKnownFileType = sourcecode.swift; path = DropShadowView.swift; sourceTree = "<group>"; };
		D6EF29F01D06C6D900E9F3FE /* CustomCocoaBarLayout.swift */ = {isa = PBXFileReference; fileEncoding = 4; lastKnownFileType = sourcecode.swift; path = CustomCocoaBarLayout.swift; sourceTree = "<group>"; };
		D6EF29F21D06C6E200E9F3FE /* CustomCocoaBarLayout.xib */ = {isa = PBXFileReference; fileEncoding = 4; lastKnownFileType = file.xib; path = CustomCocoaBarLayout.xib; sourceTree = "<group>"; };
		D6EF29F41D06C91E00E9F3FE /* CircularImageView.swift */ = {isa = PBXFileReference; fileEncoding = 4; lastKnownFileType = sourcecode.swift; path = CircularImageView.swift; sourceTree = "<group>"; };
/* End PBXFileReference section */

/* Begin PBXFrameworksBuildPhase section */
		4628CF191CF34B8F00B4F4A8 /* Frameworks */ = {
			isa = PBXFrameworksBuildPhase;
			buildActionMask = 2147483647;
			files = (
			);
			runOnlyForDeploymentPostprocessing = 0;
		};
/* End PBXFrameworksBuildPhase section */

/* Begin PBXGroup section */
		4628CF131CF34B8F00B4F4A8 = {
			isa = PBXGroup;
			children = (
				4628CF1E1CF34B8F00B4F4A8 /* CocoaBar Example */,
				D612E4141D0B009800B13348 /* CocoaBar */,
				4628CF1D1CF34B8F00B4F4A8 /* Products */,
			);
			sourceTree = "<group>";
		};
		4628CF1D1CF34B8F00B4F4A8 /* Products */ = {
			isa = PBXGroup;
			children = (
				4628CF1C1CF34B8F00B4F4A8 /* Example.app */,
			);
			name = Products;
			sourceTree = "<group>";
		};
		4628CF1E1CF34B8F00B4F4A8 /* CocoaBar Example */ = {
			isa = PBXGroup;
			children = (
				4628CF351CF34BF200B4F4A8 /* Source */,
				4628CF321CF34BF200B4F4A8 /* Resource */,
			);
			path = "CocoaBar Example";
			sourceTree = "<group>";
		};
		4628CF321CF34BF200B4F4A8 /* Resource */ = {
			isa = PBXGroup;
			children = (
				4628CF2B1CF34B8F00B4F4A8 /* Info.plist */,
				4628CF331CF34BF200B4F4A8 /* Assets.xcassets */,
				4628CF341CF34BF200B4F4A8 /* LaunchScreen.storyboard */,
			);
			path = Resource;
			sourceTree = "<group>";
		};
		4628CF351CF34BF200B4F4A8 /* Source */ = {
			isa = PBXGroup;
			children = (
				4628CF361CF34BF200B4F4A8 /* AppDelegate.swift */,
				46CC87381D0589FE0001CF71 /* Model */,
				4628CF371CF34BF200B4F4A8 /* UI */,
			);
			path = Source;
			sourceTree = "<group>";
		};
		4628CF371CF34BF200B4F4A8 /* UI */ = {
			isa = PBXGroup;
			children = (
				D6EF29EF1D06C6CB00E9F3FE /* CocoaBar Layouts */,
				46CC87321D057DE00001CF71 /* Components */,
				4628CF381CF34BF200B4F4A8 /* Screens */,
				46CC87351D05855B0001CF71 /* Utilities */,
			);
			path = UI;
			sourceTree = "<group>";
		};
		4628CF381CF34BF200B4F4A8 /* Screens */ = {
			isa = PBXGroup;
			children = (
				4628CF391CF34BF200B4F4A8 /* Main.storyboard */,
				4628CF3A1CF34BF200B4F4A8 /* ViewController.swift */,
			);
			path = Screens;
			sourceTree = "<group>";
		};
		46CC87321D057DE00001CF71 /* Components */ = {
			isa = PBXGroup;
			children = (
				46CC87331D057DE70001CF71 /* GradientView.swift */,
				46CC873B1D058B8B0001CF71 /* BarStyleCell.swift */,
				D6EF29F41D06C91E00E9F3FE /* CircularImageView.swift */,
			);
			path = Components;
			sourceTree = "<group>";
		};
		46CC87351D05855B0001CF71 /* Utilities */ = {
			isa = PBXGroup;
			children = (
				46CC87361D0585650001CF71 /* ColorUtils.swift */,
			);
			path = Utilities;
			sourceTree = "<group>";
		};
		46CC87381D0589FE0001CF71 /* Model */ = {
			isa = PBXGroup;
			children = (
				46CC87391D058A050001CF71 /* BarStyle.swift */,
			);
			path = Model;
			sourceTree = "<group>";
		};
		D612E4141D0B009800B13348 /* CocoaBar */ = {
			isa = PBXGroup;
			children = (
				D612E4151D0B009800B13348 /* CocoaBar.swift */,
				D612E4161D0B009800B13348 /* CocoaBarLayout.swift */,
				D612E4171D0B009800B13348 /* Layouts */,
				D612E41C1D0B009800B13348 /* Utilities */,
			);
			name = CocoaBar;
			path = ../Sources;
			sourceTree = "<group>";
		};
		D612E4171D0B009800B13348 /* Layouts */ = {
			isa = PBXGroup;
			children = (
				D612E4181D0B009800B13348 /* CocoaBarActionLayout.swift */,
				D612E4191D0B009800B13348 /* CocoaBarActionLayout.xib */,
				D612E41A1D0B009800B13348 /* CocoaBarDefaultLayout.swift */,
				D612E41B1D0B009800B13348 /* CocoaBarDefaultLayout.xib */,
			);
			path = Layouts;
			sourceTree = "<group>";
		};
		D612E41C1D0B009800B13348 /* Utilities */ = {
			isa = PBXGroup;
			children = (
				D612E41D1D0B009800B13348 /* AutoLayoutUtils.swift */,
				D612E4251D0B103A00B13348 /* DropShadowView.swift */,
			);
			path = Utilities;
			sourceTree = "<group>";
		};
		D6EF29EF1D06C6CB00E9F3FE /* CocoaBar Layouts */ = {
			isa = PBXGroup;
			children = (
				D6EF29F01D06C6D900E9F3FE /* CustomCocoaBarLayout.swift */,
				D6EF29F21D06C6E200E9F3FE /* CustomCocoaBarLayout.xib */,
			);
			path = "CocoaBar Layouts";
			sourceTree = "<group>";
		};
/* End PBXGroup section */

/* Begin PBXNativeTarget section */
		4628CF1B1CF34B8F00B4F4A8 /* CocoaBar Example */ = {
			isa = PBXNativeTarget;
			buildConfigurationList = 4628CF2E1CF34B8F00B4F4A8 /* Build configuration list for PBXNativeTarget "CocoaBar Example" */;
			buildPhases = (
				4628CF181CF34B8F00B4F4A8 /* Sources */,
				4628CF191CF34B8F00B4F4A8 /* Frameworks */,
				4628CF1A1CF34B8F00B4F4A8 /* Resources */,
			);
			buildRules = (
			);
			dependencies = (
			);
			name = "CocoaBar Example";
			productName = "CocoaBar Example";
			productReference = 4628CF1C1CF34B8F00B4F4A8 /* Example.app */;
			productType = "com.apple.product-type.application";
		};
/* End PBXNativeTarget section */

/* Begin PBXProject section */
		4628CF141CF34B8F00B4F4A8 /* Project object */ = {
			isa = PBXProject;
			attributes = {
				LastSwiftUpdateCheck = 0730;
				LastUpgradeCheck = 0730;
				ORGANIZATIONNAME = "Merrick Sapsford";
				TargetAttributes = {
					4628CF1B1CF34B8F00B4F4A8 = {
						CreatedOnToolsVersion = 7.3.1;
						LastSwiftMigration = 0800;
					};
				};
			};
			buildConfigurationList = 4628CF171CF34B8F00B4F4A8 /* Build configuration list for PBXProject "CocoaBar Example" */;
			compatibilityVersion = "Xcode 3.2";
			developmentRegion = English;
			hasScannedForEncodings = 0;
			knownRegions = (
				en,
				Base,
			);
			mainGroup = 4628CF131CF34B8F00B4F4A8;
			productRefGroup = 4628CF1D1CF34B8F00B4F4A8 /* Products */;
			projectDirPath = "";
			projectRoot = "";
			targets = (
				4628CF1B1CF34B8F00B4F4A8 /* CocoaBar Example */,
			);
		};
/* End PBXProject section */

/* Begin PBXResourcesBuildPhase section */
		4628CF1A1CF34B8F00B4F4A8 /* Resources */ = {
			isa = PBXResourcesBuildPhase;
			buildActionMask = 2147483647;
			files = (
				D6EF29F31D06C6E200E9F3FE /* CustomCocoaBarLayout.xib in Resources */,
				D612E4231D0B009800B13348 /* CocoaBarDefaultLayout.xib in Resources */,
				4628CF3E1CF34BF200B4F4A8 /* Main.storyboard in Resources */,
				D612E4211D0B009800B13348 /* CocoaBarActionLayout.xib in Resources */,
				4628CF3B1CF34BF200B4F4A8 /* Assets.xcassets in Resources */,
				4628CF3C1CF34BF200B4F4A8 /* LaunchScreen.storyboard in Resources */,
			);
			runOnlyForDeploymentPostprocessing = 0;
		};
/* End PBXResourcesBuildPhase section */

/* Begin PBXSourcesBuildPhase section */
		4628CF181CF34B8F00B4F4A8 /* Sources */ = {
			isa = PBXSourcesBuildPhase;
			buildActionMask = 2147483647;
			files = (
				D612E41E1D0B009800B13348 /* CocoaBar.swift in Sources */,
				46CC87371D0585650001CF71 /* ColorUtils.swift in Sources */,
				D612E4201D0B009800B13348 /* CocoaBarActionLayout.swift in Sources */,
				D612E4261D0B103A00B13348 /* DropShadowView.swift in Sources */,
				D612E4241D0B009800B13348 /* AutoLayoutUtils.swift in Sources */,
				4628CF3F1CF34BF200B4F4A8 /* ViewController.swift in Sources */,
				D6EF29F11D06C6D900E9F3FE /* CustomCocoaBarLayout.swift in Sources */,
				46CC873C1D058B8B0001CF71 /* BarStyleCell.swift in Sources */,
				4628CF3D1CF34BF200B4F4A8 /* AppDelegate.swift in Sources */,
				46CC873A1D058A050001CF71 /* BarStyle.swift in Sources */,
				46CC87341D057DE70001CF71 /* GradientView.swift in Sources */,
				D6EF29F51D06C91E00E9F3FE /* CircularImageView.swift in Sources */,
				D612E41F1D0B009800B13348 /* CocoaBarLayout.swift in Sources */,
				D612E4221D0B009800B13348 /* CocoaBarDefaultLayout.swift in Sources */,
			);
			runOnlyForDeploymentPostprocessing = 0;
		};
/* End PBXSourcesBuildPhase section */

/* Begin XCBuildConfiguration section */
		4628CF2C1CF34B8F00B4F4A8 /* Debug */ = {
			isa = XCBuildConfiguration;
			buildSettings = {
				ALWAYS_SEARCH_USER_PATHS = NO;
				CLANG_ANALYZER_NONNULL = YES;
				CLANG_CXX_LANGUAGE_STANDARD = "gnu++0x";
				CLANG_CXX_LIBRARY = "libc++";
				CLANG_ENABLE_MODULES = YES;
				CLANG_ENABLE_OBJC_ARC = YES;
				CLANG_WARN_BOOL_CONVERSION = YES;
				CLANG_WARN_CONSTANT_CONVERSION = YES;
				CLANG_WARN_DIRECT_OBJC_ISA_USAGE = YES_ERROR;
				CLANG_WARN_EMPTY_BODY = YES;
				CLANG_WARN_ENUM_CONVERSION = YES;
				CLANG_WARN_INT_CONVERSION = YES;
				CLANG_WARN_OBJC_ROOT_CLASS = YES_ERROR;
				CLANG_WARN_UNREACHABLE_CODE = YES;
				CLANG_WARN__DUPLICATE_METHOD_MATCH = YES;
				"CODE_SIGN_IDENTITY[sdk=iphoneos*]" = "iPhone Developer";
				COPY_PHASE_STRIP = NO;
				DEBUG_INFORMATION_FORMAT = dwarf;
				ENABLE_STRICT_OBJC_MSGSEND = YES;
				ENABLE_TESTABILITY = YES;
				GCC_C_LANGUAGE_STANDARD = gnu99;
				GCC_DYNAMIC_NO_PIC = NO;
				GCC_NO_COMMON_BLOCKS = YES;
				GCC_OPTIMIZATION_LEVEL = 0;
				GCC_PREPROCESSOR_DEFINITIONS = (
					"DEBUG=1",
					"$(inherited)",
				);
				GCC_WARN_64_TO_32_BIT_CONVERSION = YES;
				GCC_WARN_ABOUT_RETURN_TYPE = YES_ERROR;
				GCC_WARN_UNDECLARED_SELECTOR = YES;
				GCC_WARN_UNINITIALIZED_AUTOS = YES_AGGRESSIVE;
				GCC_WARN_UNUSED_FUNCTION = YES;
				GCC_WARN_UNUSED_VARIABLE = YES;
				IPHONEOS_DEPLOYMENT_TARGET = 9.3;
				MTL_ENABLE_DEBUG_INFO = YES;
				ONLY_ACTIVE_ARCH = YES;
				SDKROOT = iphoneos;
				SWIFT_OPTIMIZATION_LEVEL = "-Onone";
			};
			name = Debug;
		};
		4628CF2D1CF34B8F00B4F4A8 /* Release */ = {
			isa = XCBuildConfiguration;
			buildSettings = {
				ALWAYS_SEARCH_USER_PATHS = NO;
				CLANG_ANALYZER_NONNULL = YES;
				CLANG_CXX_LANGUAGE_STANDARD = "gnu++0x";
				CLANG_CXX_LIBRARY = "libc++";
				CLANG_ENABLE_MODULES = YES;
				CLANG_ENABLE_OBJC_ARC = YES;
				CLANG_WARN_BOOL_CONVERSION = YES;
				CLANG_WARN_CONSTANT_CONVERSION = YES;
				CLANG_WARN_DIRECT_OBJC_ISA_USAGE = YES_ERROR;
				CLANG_WARN_EMPTY_BODY = YES;
				CLANG_WARN_ENUM_CONVERSION = YES;
				CLANG_WARN_INT_CONVERSION = YES;
				CLANG_WARN_OBJC_ROOT_CLASS = YES_ERROR;
				CLANG_WARN_UNREACHABLE_CODE = YES;
				CLANG_WARN__DUPLICATE_METHOD_MATCH = YES;
				"CODE_SIGN_IDENTITY[sdk=iphoneos*]" = "iPhone Developer";
				COPY_PHASE_STRIP = NO;
				DEBUG_INFORMATION_FORMAT = "dwarf-with-dsym";
				ENABLE_NS_ASSERTIONS = NO;
				ENABLE_STRICT_OBJC_MSGSEND = YES;
				GCC_C_LANGUAGE_STANDARD = gnu99;
				GCC_NO_COMMON_BLOCKS = YES;
				GCC_WARN_64_TO_32_BIT_CONVERSION = YES;
				GCC_WARN_ABOUT_RETURN_TYPE = YES_ERROR;
				GCC_WARN_UNDECLARED_SELECTOR = YES;
				GCC_WARN_UNINITIALIZED_AUTOS = YES_AGGRESSIVE;
				GCC_WARN_UNUSED_FUNCTION = YES;
				GCC_WARN_UNUSED_VARIABLE = YES;
				IPHONEOS_DEPLOYMENT_TARGET = 9.3;
				MTL_ENABLE_DEBUG_INFO = NO;
				SDKROOT = iphoneos;
				VALIDATE_PRODUCT = YES;
			};
			name = Release;
		};
		4628CF2F1CF34B8F00B4F4A8 /* Debug */ = {
			isa = XCBuildConfiguration;
			buildSettings = {
				ASSETCATALOG_COMPILER_APPICON_NAME = AppIcon;
				INFOPLIST_FILE = "CocoaBar Example/Info.plist";
				LD_RUNPATH_SEARCH_PATHS = "$(inherited) @executable_path/Frameworks";
				PRODUCT_BUNDLE_IDENTIFIER = "com.msapsford.CocoaBar-Example";
				PRODUCT_NAME = Example;
				SWIFT_VERSION = 3.0;
				TARGETED_DEVICE_FAMILY = "1,2";
			};
			name = Debug;
		};
		4628CF301CF34B8F00B4F4A8 /* Release */ = {
			isa = XCBuildConfiguration;
			buildSettings = {
				ASSETCATALOG_COMPILER_APPICON_NAME = AppIcon;
				INFOPLIST_FILE = "CocoaBar Example/Info.plist";
				LD_RUNPATH_SEARCH_PATHS = "$(inherited) @executable_path/Frameworks";
				PRODUCT_BUNDLE_IDENTIFIER = "com.msapsford.CocoaBar-Example";
				PRODUCT_NAME = Example;
				SWIFT_VERSION = 3.0;
				TARGETED_DEVICE_FAMILY = "1,2";
			};
			name = Release;
		};
/* End XCBuildConfiguration section */

/* Begin XCConfigurationList section */
		4628CF171CF34B8F00B4F4A8 /* Build configuration list for PBXProject "CocoaBar Example" */ = {
			isa = XCConfigurationList;
			buildConfigurations = (
				4628CF2C1CF34B8F00B4F4A8 /* Debug */,
				4628CF2D1CF34B8F00B4F4A8 /* Release */,
			);
			defaultConfigurationIsVisible = 0;
			defaultConfigurationName = Release;
		};
		4628CF2E1CF34B8F00B4F4A8 /* Build configuration list for PBXNativeTarget "CocoaBar Example" */ = {
			isa = XCConfigurationList;
			buildConfigurations = (
				4628CF2F1CF34B8F00B4F4A8 /* Debug */,
				4628CF301CF34B8F00B4F4A8 /* Release */,
			);
			defaultConfigurationIsVisible = 0;
			defaultConfigurationName = Release;
		};
/* End XCConfigurationList section */
	};
	rootObject = 4628CF141CF34B8F00B4F4A8 /* Project object */;
}
