// !$*UTF8*$!
{
	archiveVersion = 1;
	classes = {
	};
	objectVersion = 46;
	objects = {

/* Begin PBXBuildFile section */
		4628CF3B1CF34BF200B4F4A8 /* Assets.xcassets in Resources */ = {isa = PBXBuildFile; fileRef = 4628CF331CF34BF200B4F4A8 /* Assets.xcassets */; };
		4628CF3C1CF34BF200B4F4A8 /* LaunchScreen.storyboard in Resources */ = {isa = PBXBuildFile; fileRef = 4628CF341CF34BF200B4F4A8 /* LaunchScreen.storyboard */; };
		4628CF3D1CF34BF200B4F4A8 /* AppDelegate.swift in Sources */ = {isa = PBXBuildFile; fileRef = 4628CF361CF34BF200B4F4A8 /* AppDelegate.swift */; };
		4628CF3E1CF34BF200B4F4A8 /* Main.storyboard in Resources */ = {isa = PBXBuildFile; fileRef = 4628CF391CF34BF200B4F4A8 /* Main.storyboard */; };
		4628CF3F1CF34BF200B4F4A8 /* ViewController.swift in Sources */ = {isa = PBXBuildFile; fileRef = 4628CF3A1CF34BF200B4F4A8 /* ViewController.swift */; };
		4628CF411CF34C4E00B4F4A8 /* CocoaBar.swift in Sources */ = {isa = PBXBuildFile; fileRef = 4628CF401CF34C4E00B4F4A8 /* CocoaBar.swift */; };
		E7B1B2C500DEE6935A099223 /* Pods_CocoaBar_Example.framework in Frameworks */ = {isa = PBXBuildFile; fileRef = 79B9031FA0ADAA7B40EA35EF /* Pods_CocoaBar_Example.framework */; };
/* End PBXBuildFile section */

/* Begin PBXFileReference section */
		1F4BC428552AF384E5C8B6E7 /* Pods-CocoaBar Example.debug.xcconfig */ = {isa = PBXFileReference; includeInIndex = 1; lastKnownFileType = text.xcconfig; name = "Pods-CocoaBar Example.debug.xcconfig"; path = "Pods/Target Support Files/Pods-CocoaBar Example/Pods-CocoaBar Example.debug.xcconfig"; sourceTree = "<group>"; };
		4628CF1C1CF34B8F00B4F4A8 /* CocoaBar Example.app */ = {isa = PBXFileReference; explicitFileType = wrapper.application; includeInIndex = 0; path = "CocoaBar Example.app"; sourceTree = BUILT_PRODUCTS_DIR; };
		4628CF2B1CF34B8F00B4F4A8 /* Info.plist */ = {isa = PBXFileReference; lastKnownFileType = text.plist.xml; name = Info.plist; path = ../Info.plist; sourceTree = "<group>"; };
		4628CF331CF34BF200B4F4A8 /* Assets.xcassets */ = {isa = PBXFileReference; lastKnownFileType = folder.assetcatalog; path = Assets.xcassets; sourceTree = "<group>"; };
		4628CF341CF34BF200B4F4A8 /* LaunchScreen.storyboard */ = {isa = PBXFileReference; fileEncoding = 4; lastKnownFileType = file.storyboard; path = LaunchScreen.storyboard; sourceTree = "<group>"; };
		4628CF361CF34BF200B4F4A8 /* AppDelegate.swift */ = {isa = PBXFileReference; fileEncoding = 4; lastKnownFileType = sourcecode.swift; path = AppDelegate.swift; sourceTree = "<group>"; };
		4628CF391CF34BF200B4F4A8 /* Main.storyboard */ = {isa = PBXFileReference; fileEncoding = 4; lastKnownFileType = file.storyboard; path = Main.storyboard; sourceTree = "<group>"; };
		4628CF3A1CF34BF200B4F4A8 /* ViewController.swift */ = {isa = PBXFileReference; fileEncoding = 4; lastKnownFileType = sourcecode.swift; path = ViewController.swift; sourceTree = "<group>"; };
		4628CF401CF34C4E00B4F4A8 /* CocoaBar.swift */ = {isa = PBXFileReference; fileEncoding = 4; lastKnownFileType = sourcecode.swift; path = CocoaBar.swift; sourceTree = "<group>"; };
		79B9031FA0ADAA7B40EA35EF /* Pods_CocoaBar_Example.framework */ = {isa = PBXFileReference; explicitFileType = wrapper.framework; includeInIndex = 0; path = Pods_CocoaBar_Example.framework; sourceTree = BUILT_PRODUCTS_DIR; };
		9E9E09407A49FB0C7A95FB76 /* Pods-CocoaBar Example.release.xcconfig */ = {isa = PBXFileReference; includeInIndex = 1; lastKnownFileType = text.xcconfig; name = "Pods-CocoaBar Example.release.xcconfig"; path = "Pods/Target Support Files/Pods-CocoaBar Example/Pods-CocoaBar Example.release.xcconfig"; sourceTree = "<group>"; };
/* End PBXFileReference section */

/* Begin PBXFrameworksBuildPhase section */
		4628CF191CF34B8F00B4F4A8 /* Frameworks */ = {
			isa = PBXFrameworksBuildPhase;
			buildActionMask = 2147483647;
			files = (
				E7B1B2C500DEE6935A099223 /* Pods_CocoaBar_Example.framework in Frameworks */,
			);
			runOnlyForDeploymentPostprocessing = 0;
		};
/* End PBXFrameworksBuildPhase section */

/* Begin PBXGroup section */
		4628CF131CF34B8F00B4F4A8 = {
			isa = PBXGroup;
			children = (
				4628CF1E1CF34B8F00B4F4A8 /* CocoaBar Example */,
				4628CF311CF34BA500B4F4A8 /* CocoaBar */,
				4628CF1D1CF34B8F00B4F4A8 /* Products */,
				CB7C9C01DAC780D4D3139701 /* Pods */,
				CD1E8785D84FA912225C51E5 /* Frameworks */,
			);
			sourceTree = "<group>";
		};
		4628CF1D1CF34B8F00B4F4A8 /* Products */ = {
			isa = PBXGroup;
			children = (
				4628CF1C1CF34B8F00B4F4A8 /* CocoaBar Example.app */,
			);
			name = Products;
			sourceTree = "<group>";
		};
		4628CF1E1CF34B8F00B4F4A8 /* CocoaBar Example */ = {
			isa = PBXGroup;
			children = (
				4628CF351CF34BF200B4F4A8 /* Source */,
				4628CF321CF34BF200B4F4A8 /* Resource */,
			);
			path = "CocoaBar Example";
			sourceTree = "<group>";
		};
		4628CF311CF34BA500B4F4A8 /* CocoaBar */ = {
			isa = PBXGroup;
			children = (
				4628CF401CF34C4E00B4F4A8 /* CocoaBar.swift */,
			);
			name = CocoaBar;
			path = ../Source;
			sourceTree = "<group>";
		};
		4628CF321CF34BF200B4F4A8 /* Resource */ = {
			isa = PBXGroup;
			children = (
				4628CF2B1CF34B8F00B4F4A8 /* Info.plist */,
				4628CF331CF34BF200B4F4A8 /* Assets.xcassets */,
				4628CF341CF34BF200B4F4A8 /* LaunchScreen.storyboard */,
			);
			path = Resource;
			sourceTree = "<group>";
		};
		4628CF351CF34BF200B4F4A8 /* Source */ = {
			isa = PBXGroup;
			children = (
				4628CF361CF34BF200B4F4A8 /* AppDelegate.swift */,
				4628CF371CF34BF200B4F4A8 /* UI */,
			);
			path = Source;
			sourceTree = "<group>";
		};
		4628CF371CF34BF200B4F4A8 /* UI */ = {
			isa = PBXGroup;
			children = (
				4628CF381CF34BF200B4F4A8 /* Screens */,
			);
			path = UI;
			sourceTree = "<group>";
		};
		4628CF381CF34BF200B4F4A8 /* Screens */ = {
			isa = PBXGroup;
			children = (
				4628CF391CF34BF200B4F4A8 /* Main.storyboard */,
				4628CF3A1CF34BF200B4F4A8 /* ViewController.swift */,
			);
			path = Screens;
			sourceTree = "<group>";
		};
		CB7C9C01DAC780D4D3139701 /* Pods */ = {
			isa = PBXGroup;
			children = (
				1F4BC428552AF384E5C8B6E7 /* Pods-CocoaBar Example.debug.xcconfig */,
				9E9E09407A49FB0C7A95FB76 /* Pods-CocoaBar Example.release.xcconfig */,
			);
			name = Pods;
			sourceTree = "<group>";
		};
		CD1E8785D84FA912225C51E5 /* Frameworks */ = {
			isa = PBXGroup;
			children = (
				79B9031FA0ADAA7B40EA35EF /* Pods_CocoaBar_Example.framework */,
			);
			name = Frameworks;
			sourceTree = "<group>";
		};
/* End PBXGroup section */

/* Begin PBXNativeTarget section */
		4628CF1B1CF34B8F00B4F4A8 /* CocoaBar Example */ = {
			isa = PBXNativeTarget;
			buildConfigurationList = 4628CF2E1CF34B8F00B4F4A8 /* Build configuration list for PBXNativeTarget "CocoaBar Example" */;
			buildPhases = (
				D83362EBC874AC1CC01749D1 /* 📦 Check Pods Manifest.lock */,
				4628CF181CF34B8F00B4F4A8 /* Sources */,
				4628CF191CF34B8F00B4F4A8 /* Frameworks */,
				4628CF1A1CF34B8F00B4F4A8 /* Resources */,
				80500D2E20726A91A2D2C3A6 /* 📦 Embed Pods Frameworks */,
				4FB057116FCFD6286559C177 /* 📦 Copy Pods Resources */,
			);
			buildRules = (
			);
			dependencies = (
			);
			name = "CocoaBar Example";
			productName = "CocoaBar Example";
			productReference = 4628CF1C1CF34B8F00B4F4A8 /* CocoaBar Example.app */;
			productType = "com.apple.product-type.application";
		};
/* End PBXNativeTarget section */

/* Begin PBXProject section */
		4628CF141CF34B8F00B4F4A8 /* Project object */ = {
			isa = PBXProject;
			attributes = {
				LastSwiftUpdateCheck = 0730;
				LastUpgradeCheck = 0730;
				ORGANIZATIONNAME = "Merrick Sapsford";
				TargetAttributes = {
					4628CF1B1CF34B8F00B4F4A8 = {
						CreatedOnToolsVersion = 7.3.1;
					};
				};
			};
			buildConfigurationList = 4628CF171CF34B8F00B4F4A8 /* Build configuration list for PBXProject "CocoaBar Example" */;
			compatibilityVersion = "Xcode 3.2";
			developmentRegion = English;
			hasScannedForEncodings = 0;
			knownRegions = (
				en,
				Base,
			);
			mainGroup = 4628CF131CF34B8F00B4F4A8;
			productRefGroup = 4628CF1D1CF34B8F00B4F4A8 /* Products */;
			projectDirPath = "";
			projectRoot = "";
			targets = (
				4628CF1B1CF34B8F00B4F4A8 /* CocoaBar Example */,
			);
		};
/* End PBXProject section */

/* Begin PBXResourcesBuildPhase section */
		4628CF1A1CF34B8F00B4F4A8 /* Resources */ = {
			isa = PBXResourcesBuildPhase;
			buildActionMask = 2147483647;
			files = (
				4628CF3E1CF34BF200B4F4A8 /* Main.storyboard in Resources */,
				4628CF3B1CF34BF200B4F4A8 /* Assets.xcassets in Resources */,
				4628CF3C1CF34BF200B4F4A8 /* LaunchScreen.storyboard in Resources */,
			);
			runOnlyForDeploymentPostprocessing = 0;
		};
/* End PBXResourcesBuildPhase section */

/* Begin PBXShellScriptBuildPhase section */
		4FB057116FCFD6286559C177 /* 📦 Copy Pods Resources */ = {
			isa = PBXShellScriptBuildPhase;
			buildActionMask = 2147483647;
			files = (
			);
			inputPaths = (
			);
			name = "📦 Copy Pods Resources";
			outputPaths = (
			);
			runOnlyForDeploymentPostprocessing = 0;
			shellPath = /bin/sh;
			shellScript = "\"${SRCROOT}/Pods/Target Support Files/Pods-CocoaBar Example/Pods-CocoaBar Example-resources.sh\"\n";
			showEnvVarsInLog = 0;
		};
		80500D2E20726A91A2D2C3A6 /* 📦 Embed Pods Frameworks */ = {
			isa = PBXShellScriptBuildPhase;
			buildActionMask = 2147483647;
			files = (
			);
			inputPaths = (
			);
			name = "📦 Embed Pods Frameworks";
			outputPaths = (
			);
			runOnlyForDeploymentPostprocessing = 0;
			shellPath = /bin/sh;
			shellScript = "\"${SRCROOT}/Pods/Target Support Files/Pods-CocoaBar Example/Pods-CocoaBar Example-frameworks.sh\"\n";
			showEnvVarsInLog = 0;
		};
		D83362EBC874AC1CC01749D1 /* 📦 Check Pods Manifest.lock */ = {
			isa = PBXShellScriptBuildPhase;
			buildActionMask = 2147483647;
			files = (
			);
			inputPaths = (
			);
			name = "📦 Check Pods Manifest.lock";
			outputPaths = (
			);
			runOnlyForDeploymentPostprocessing = 0;
			shellPath = /bin/sh;
			shellScript = "diff \"${PODS_ROOT}/../Podfile.lock\" \"${PODS_ROOT}/Manifest.lock\" > /dev/null\nif [[ $? != 0 ]] ; then\n    cat << EOM\nerror: The sandbox is not in sync with the Podfile.lock. Run 'pod install' or update your CocoaPods installation.\nEOM\n    exit 1\nfi\n";
			showEnvVarsInLog = 0;
		};
/* End PBXShellScriptBuildPhase section */

/* Begin PBXSourcesBuildPhase section */
		4628CF181CF34B8F00B4F4A8 /* Sources */ = {
			isa = PBXSourcesBuildPhase;
			buildActionMask = 2147483647;
			files = (
				4628CF411CF34C4E00B4F4A8 /* CocoaBar.swift in Sources */,
				4628CF3F1CF34BF200B4F4A8 /* ViewController.swift in Sources */,
				4628CF3D1CF34BF200B4F4A8 /* AppDelegate.swift in Sources */,
			);
			runOnlyForDeploymentPostprocessing = 0;
		};
/* End PBXSourcesBuildPhase section */

/* Begin XCBuildConfiguration section */
		4628CF2C1CF34B8F00B4F4A8 /* Debug */ = {
			isa = XCBuildConfiguration;
			buildSettings = {
				ALWAYS_SEARCH_USER_PATHS = NO;
				CLANG_ANALYZER_NONNULL = YES;
				CLANG_CXX_LANGUAGE_STANDARD = "gnu++0x";
				CLANG_CXX_LIBRARY = "libc++";
				CLANG_ENABLE_MODULES = YES;
				CLANG_ENABLE_OBJC_ARC = YES;
				CLANG_WARN_BOOL_CONVERSION = YES;
				CLANG_WARN_CONSTANT_CONVERSION = YES;
				CLANG_WARN_DIRECT_OBJC_ISA_USAGE = YES_ERROR;
				CLANG_WARN_EMPTY_BODY = YES;
				CLANG_WARN_ENUM_CONVERSION = YES;
				CLANG_WARN_INT_CONVERSION = YES;
				CLANG_WARN_OBJC_ROOT_CLASS = YES_ERROR;
				CLANG_WARN_UNREACHABLE_CODE = YES;
				CLANG_WARN__DUPLICATE_METHOD_MATCH = YES;
				"CODE_SIGN_IDENTITY[sdk=iphoneos*]" = "iPhone Developer";
				COPY_PHASE_STRIP = NO;
				DEBUG_INFORMATION_FORMAT = dwarf;
				ENABLE_STRICT_OBJC_MSGSEND = YES;
				ENABLE_TESTABILITY = YES;
				GCC_C_LANGUAGE_STANDARD = gnu99;
				GCC_DYNAMIC_NO_PIC = NO;
				GCC_NO_COMMON_BLOCKS = YES;
				GCC_OPTIMIZATION_LEVEL = 0;
				GCC_PREPROCESSOR_DEFINITIONS = (
					"DEBUG=1",
					"$(inherited)",
				);
				GCC_WARN_64_TO_32_BIT_CONVERSION = YES;
				GCC_WARN_ABOUT_RETURN_TYPE = YES_ERROR;
				GCC_WARN_UNDECLARED_SELECTOR = YES;
				GCC_WARN_UNINITIALIZED_AUTOS = YES_AGGRESSIVE;
				GCC_WARN_UNUSED_FUNCTION = YES;
				GCC_WARN_UNUSED_VARIABLE = YES;
				IPHONEOS_DEPLOYMENT_TARGET = 9.3;
				MTL_ENABLE_DEBUG_INFO = YES;
				ONLY_ACTIVE_ARCH = YES;
				SDKROOT = iphoneos;
				SWIFT_OPTIMIZATION_LEVEL = "-Onone";
			};
			name = Debug;
		};
		4628CF2D1CF34B8F00B4F4A8 /* Release */ = {
			isa = XCBuildConfiguration;
			buildSettings = {
				ALWAYS_SEARCH_USER_PATHS = NO;
				CLANG_ANALYZER_NONNULL = YES;
				CLANG_CXX_LANGUAGE_STANDARD = "gnu++0x";
				CLANG_CXX_LIBRARY = "libc++";
				CLANG_ENABLE_MODULES = YES;
				CLANG_ENABLE_OBJC_ARC = YES;
				CLANG_WARN_BOOL_CONVERSION = YES;
				CLANG_WARN_CONSTANT_CONVERSION = YES;
				CLANG_WARN_DIRECT_OBJC_ISA_USAGE = YES_ERROR;
				CLANG_WARN_EMPTY_BODY = YES;
				CLANG_WARN_ENUM_CONVERSION = YES;
				CLANG_WARN_INT_CONVERSION = YES;
				CLANG_WARN_OBJC_ROOT_CLASS = YES_ERROR;
				CLANG_WARN_UNREACHABLE_CODE = YES;
				CLANG_WARN__DUPLICATE_METHOD_MATCH = YES;
				"CODE_SIGN_IDENTITY[sdk=iphoneos*]" = "iPhone Developer";
				COPY_PHASE_STRIP = NO;
				DEBUG_INFORMATION_FORMAT = "dwarf-with-dsym";
				ENABLE_NS_ASSERTIONS = NO;
				ENABLE_STRICT_OBJC_MSGSEND = YES;
				GCC_C_LANGUAGE_STANDARD = gnu99;
				GCC_NO_COMMON_BLOCKS = YES;
				GCC_WARN_64_TO_32_BIT_CONVERSION = YES;
				GCC_WARN_ABOUT_RETURN_TYPE = YES_ERROR;
				GCC_WARN_UNDECLARED_SELECTOR = YES;
				GCC_WARN_UNINITIALIZED_AUTOS = YES_AGGRESSIVE;
				GCC_WARN_UNUSED_FUNCTION = YES;
				GCC_WARN_UNUSED_VARIABLE = YES;
				IPHONEOS_DEPLOYMENT_TARGET = 9.3;
				MTL_ENABLE_DEBUG_INFO = NO;
				SDKROOT = iphoneos;
				VALIDATE_PRODUCT = YES;
			};
			name = Release;
		};
		4628CF2F1CF34B8F00B4F4A8 /* Debug */ = {
			isa = XCBuildConfiguration;
			baseConfigurationReference = 1F4BC428552AF384E5C8B6E7 /* Pods-CocoaBar Example.debug.xcconfig */;
			buildSettings = {
				ASSETCATALOG_COMPILER_APPICON_NAME = AppIcon;
				INFOPLIST_FILE = "CocoaBar Example/Info.plist";
				LD_RUNPATH_SEARCH_PATHS = "$(inherited) @executable_path/Frameworks";
				PRODUCT_BUNDLE_IDENTIFIER = "com.msapsford.CocoaBar-Example";
				PRODUCT_NAME = "$(TARGET_NAME)";
			};
			name = Debug;
		};
		4628CF301CF34B8F00B4F4A8 /* Release */ = {
			isa = XCBuildConfiguration;
			baseConfigurationReference = 9E9E09407A49FB0C7A95FB76 /* Pods-CocoaBar Example.release.xcconfig */;
			buildSettings = {
				ASSETCATALOG_COMPILER_APPICON_NAME = AppIcon;
				INFOPLIST_FILE = "CocoaBar Example/Info.plist";
				LD_RUNPATH_SEARCH_PATHS = "$(inherited) @executable_path/Frameworks";
				PRODUCT_BUNDLE_IDENTIFIER = "com.msapsford.CocoaBar-Example";
				PRODUCT_NAME = "$(TARGET_NAME)";
			};
			name = Release;
		};
/* End XCBuildConfiguration section */

/* Begin XCConfigurationList section */
		4628CF171CF34B8F00B4F4A8 /* Build configuration list for PBXProject "CocoaBar Example" */ = {
			isa = XCConfigurationList;
			buildConfigurations = (
				4628CF2C1CF34B8F00B4F4A8 /* Debug */,
				4628CF2D1CF34B8F00B4F4A8 /* Release */,
			);
			defaultConfigurationIsVisible = 0;
			defaultConfigurationName = Release;
		};
		4628CF2E1CF34B8F00B4F4A8 /* Build configuration list for PBXNativeTarget "CocoaBar Example" */ = {
			isa = XCConfigurationList;
			buildConfigurations = (
				4628CF2F1CF34B8F00B4F4A8 /* Debug */,
				4628CF301CF34B8F00B4F4A8 /* Release */,
			);
			defaultConfigurationIsVisible = 0;
			defaultConfigurationName = Release;
		};
/* End XCConfigurationList section */
	};
	rootObject = 4628CF141CF34B8F00B4F4A8 /* Project object */;
}
